
Microsoft Visual Studio Solution File, Format Version 12.00
# Visual Studio 14
VisualStudioVersion = 14.0.25123.0
MinimumVisualStudioVersion = 10.0.40219.1
Project("{FAE04EC0-301F-11D3-BF4B-00C04F79EFBC}") = "UI", "UI\UI.csproj", "{AB127E3E-35E4-4BA0-9A93-CC4073AE0E02}"
EndProject
Global
	GlobalSection(SolutionConfigurationPlatforms) = preSolution
		Debug|Any CPU = Debug|Any CPU
		Release|Any CPU = Release|Any CPU
	EndGlobalSection
	GlobalSection(ProjectConfigurationPlatforms) = postSolution
		{AB127E3E-35E4-4BA0-9A93-CC4073AE0E02}.Debug|Any CPU.ActiveCfg = Debug|Any CPU
		{AB127E3E-35E4-4BA0-9A93-CC4073AE0E02}.Debug|Any CPU.Build.0 = Debug|Any CPU
		{AB127E3E-35E4-4BA0-9A93-CC4073AE0E02}.Release|Any CPU.ActiveCfg = Release|Any CPU
		{AB127E3E-35E4-4BA0-9A93-CC4073AE0E02}.Release|Any CPU.Build.0 = Release|Any CPU
	EndGlobalSection
	GlobalSection(SolutionProperties) = preSolution
		HideSolutionNode = FALSE
	EndGlobalSection
EndGlobal
